
Microsoft Visual Studio Solution File, Format Version 12.00
# Visual Studio Version 16
VisualStudioVersion = 16.0.30611.23
MinimumVisualStudioVersion = 10.0.40219.1
Project("{9A19103F-16F7-4668-BE54-9A1E7A4F7556}") = "Lab44", "..\Lab44\Lab44.csproj", "{E71919DD-2DCD-43BE-AB3A-1245DB77DB78}"
EndProject
Project("{FAE04EC0-301F-11D3-BF4B-00C04F79EFBC}") = "Labs4", "Labs4\Labs4.csproj", "{C14042D8-3A10-430A-B131-11934DE5B338}"
EndProject
Global
	GlobalSection(SolutionConfigurationPlatforms) = preSolution
		Debug|Any CPU = Debug|Any CPU
		Release|Any CPU = Release|Any CPU
	EndGlobalSection
	GlobalSection(ProjectConfigurationPlatforms) = postSolution
		{E71919DD-2DCD-43BE-AB3A-1245DB77DB78}.Debug|Any CPU.ActiveCfg = Debug|Any CPU
		{E71919DD-2DCD-43BE-AB3A-1245DB77DB78}.Debug|Any CPU.Build.0 = Debug|Any CPU
		{E71919DD-2DCD-43BE-AB3A-1245DB77DB78}.Release|Any CPU.ActiveCfg = Release|Any CPU
		{E71919DD-2DCD-43BE-AB3A-1245DB77DB78}.Release|Any CPU.Build.0 = Release|Any CPU
		{C14042D8-3A10-430A-B131-11934DE5B338}.Debug|Any CPU.ActiveCfg = Debug|Any CPU
		{C14042D8-3A10-430A-B131-11934DE5B338}.Debug|Any CPU.Build.0 = Debug|Any CPU
		{C14042D8-3A10-430A-B131-11934DE5B338}.Release|Any CPU.ActiveCfg = Release|Any CPU
		{C14042D8-3A10-430A-B131-11934DE5B338}.Release|Any CPU.Build.0 = Release|Any CPU
	EndGlobalSection
	GlobalSection(SolutionProperties) = preSolution
		HideSolutionNode = FALSE
	EndGlobalSection
	GlobalSection(ExtensibilityGlobals) = postSolution
		SolutionGuid = {8B17E921-3E0C-4376-8E4F-5CA70F37B422}
	EndGlobalSection
EndGlobal
